// !$*UTF8*$!
{
	archiveVersion = 1;
	classes = {
	};
	objectVersion = 55;
	objects = {

/* Begin PBXBuildFile section */
		D674A1DF2A8E7A1B00649392 /* Helper.swift in Sources */ = {isa = PBXBuildFile; fileRef = D674A1DE2A8E7A1B00649392 /* Helper.swift */; };
		D6CCAAAD2A8CB9D2007D96D0 /* AppDelegate.swift in Sources */ = {isa = PBXBuildFile; fileRef = D6CCAAAC2A8CB9D2007D96D0 /* AppDelegate.swift */; };
		D6CCAAAF2A8CB9D2007D96D0 /* ViewController.swift in Sources */ = {isa = PBXBuildFile; fileRef = D6CCAAAE2A8CB9D2007D96D0 /* ViewController.swift */; };
		D6CCAAB12A8CB9D4007D96D0 /* Assets.xcassets in Resources */ = {isa = PBXBuildFile; fileRef = D6CCAAB02A8CB9D4007D96D0 /* Assets.xcassets */; };
		D6CCAAB42A8CB9D4007D96D0 /* Main.storyboard in Resources */ = {isa = PBXBuildFile; fileRef = D6CCAAB22A8CB9D4007D96D0 /* Main.storyboard */; };
		D6CCAABF2A8CB9D5007D96D0 /* PaintBrushTests.swift in Sources */ = {isa = PBXBuildFile; fileRef = D6CCAABE2A8CB9D5007D96D0 /* PaintBrushTests.swift */; };
		D6CCAAC92A8CB9D5007D96D0 /* PaintBrushUITests.swift in Sources */ = {isa = PBXBuildFile; fileRef = D6CCAAC82A8CB9D5007D96D0 /* PaintBrushUITests.swift */; };
		D6CCAACB2A8CB9D5007D96D0 /* PaintBrushUITestsLaunchTests.swift in Sources */ = {isa = PBXBuildFile; fileRef = D6CCAACA2A8CB9D5007D96D0 /* PaintBrushUITestsLaunchTests.swift */; };
		D6CCAAD82A8CBBC7007D96D0 /* DrawView.swift in Sources */ = {isa = PBXBuildFile; fileRef = D6CCAAD72A8CBBC7007D96D0 /* DrawView.swift */; };
/* End PBXBuildFile section */

/* Begin PBXContainerItemProxy section */
		D6CCAABB2A8CB9D5007D96D0 /* PBXContainerItemProxy */ = {
			isa = PBXContainerItemProxy;
			containerPortal = D6CCAAA12A8CB9D2007D96D0 /* Project object */;
			proxyType = 1;
			remoteGlobalIDString = D6CCAAA82A8CB9D2007D96D0;
			remoteInfo = PaintBrush;
		};
		D6CCAAC52A8CB9D5007D96D0 /* PBXContainerItemProxy */ = {
			isa = PBXContainerItemProxy;
			containerPortal = D6CCAAA12A8CB9D2007D96D0 /* Project object */;
			proxyType = 1;
			remoteGlobalIDString = D6CCAAA82A8CB9D2007D96D0;
			remoteInfo = PaintBrush;
		};
/* End PBXContainerItemProxy section */

/* Begin PBXFileReference section */
		D674A1DE2A8E7A1B00649392 /* Helper.swift */ = {isa = PBXFileReference; lastKnownFileType = sourcecode.swift; path = Helper.swift; sourceTree = "<group>"; };
		D6CCAAA92A8CB9D2007D96D0 /* PaintBrush.app */ = {isa = PBXFileReference; explicitFileType = wrapper.application; includeInIndex = 0; path = PaintBrush.app; sourceTree = BUILT_PRODUCTS_DIR; };
		D6CCAAAC2A8CB9D2007D96D0 /* AppDelegate.swift */ = {isa = PBXFileReference; lastKnownFileType = sourcecode.swift; path = AppDelegate.swift; sourceTree = "<group>"; };
		D6CCAAAE2A8CB9D2007D96D0 /* ViewController.swift */ = {isa = PBXFileReference; lastKnownFileType = sourcecode.swift; path = ViewController.swift; sourceTree = "<group>"; };
		D6CCAAB02A8CB9D4007D96D0 /* Assets.xcassets */ = {isa = PBXFileReference; lastKnownFileType = folder.assetcatalog; path = Assets.xcassets; sourceTree = "<group>"; };
		D6CCAAB32A8CB9D4007D96D0 /* Base */ = {isa = PBXFileReference; lastKnownFileType = file.storyboard; name = Base; path = Base.lproj/Main.storyboard; sourceTree = "<group>"; };
		D6CCAAB52A8CB9D4007D96D0 /* PaintBrush.entitlements */ = {isa = PBXFileReference; lastKnownFileType = text.plist.entitlements; path = PaintBrush.entitlements; sourceTree = "<group>"; };
		D6CCAABA2A8CB9D5007D96D0 /* PaintBrushTests.xctest */ = {isa = PBXFileReference; explicitFileType = wrapper.cfbundle; includeInIndex = 0; path = PaintBrushTests.xctest; sourceTree = BUILT_PRODUCTS_DIR; };
		D6CCAABE2A8CB9D5007D96D0 /* PaintBrushTests.swift */ = {isa = PBXFileReference; lastKnownFileType = sourcecode.swift; path = PaintBrushTests.swift; sourceTree = "<group>"; };
		D6CCAAC42A8CB9D5007D96D0 /* PaintBrushUITests.xctest */ = {isa = PBXFileReference; explicitFileType = wrapper.cfbundle; includeInIndex = 0; path = PaintBrushUITests.xctest; sourceTree = BUILT_PRODUCTS_DIR; };
		D6CCAAC82A8CB9D5007D96D0 /* PaintBrushUITests.swift */ = {isa = PBXFileReference; lastKnownFileType = sourcecode.swift; path = PaintBrushUITests.swift; sourceTree = "<group>"; };
		D6CCAACA2A8CB9D5007D96D0 /* PaintBrushUITestsLaunchTests.swift */ = {isa = PBXFileReference; lastKnownFileType = sourcecode.swift; path = PaintBrushUITestsLaunchTests.swift; sourceTree = "<group>"; };
		D6CCAAD72A8CBBC7007D96D0 /* DrawView.swift */ = {isa = PBXFileReference; lastKnownFileType = sourcecode.swift; path = DrawView.swift; sourceTree = "<group>"; };
/* End PBXFileReference section */

/* Begin PBXFrameworksBuildPhase section */
		D6CCAAA62A8CB9D2007D96D0 /* Frameworks */ = {
			isa = PBXFrameworksBuildPhase;
			buildActionMask = 2147483647;
			files = (
			);
			runOnlyForDeploymentPostprocessing = 0;
		};
		D6CCAAB72A8CB9D5007D96D0 /* Frameworks */ = {
			isa = PBXFrameworksBuildPhase;
			buildActionMask = 2147483647;
			files = (
			);
			runOnlyForDeploymentPostprocessing = 0;
		};
		D6CCAAC12A8CB9D5007D96D0 /* Frameworks */ = {
			isa = PBXFrameworksBuildPhase;
			buildActionMask = 2147483647;
			files = (
			);
			runOnlyForDeploymentPostprocessing = 0;
		};
/* End PBXFrameworksBuildPhase section */

/* Begin PBXGroup section */
		D674A1DD2A8E7A0C00649392 /* Helper */ = {
			isa = PBXGroup;
			children = (
				D674A1DE2A8E7A1B00649392 /* Helper.swift */,
			);
			path = Helper;
			sourceTree = "<group>";
		};
		D6CCAAA02A8CB9D2007D96D0 = {
			isa = PBXGroup;
			children = (
				D6CCAAAB2A8CB9D2007D96D0 /* PaintBrush */,
				D6CCAABD2A8CB9D5007D96D0 /* PaintBrushTests */,
				D6CCAAC72A8CB9D5007D96D0 /* PaintBrushUITests */,
				D6CCAAAA2A8CB9D2007D96D0 /* Products */,
			);
			sourceTree = "<group>";
		};
		D6CCAAAA2A8CB9D2007D96D0 /* Products */ = {
			isa = PBXGroup;
			children = (
				D6CCAAA92A8CB9D2007D96D0 /* PaintBrush.app */,
				D6CCAABA2A8CB9D5007D96D0 /* PaintBrushTests.xctest */,
				D6CCAAC42A8CB9D5007D96D0 /* PaintBrushUITests.xctest */,
			);
			name = Products;
			sourceTree = "<group>";
		};
		D6CCAAAB2A8CB9D2007D96D0 /* PaintBrush */ = {
			isa = PBXGroup;
			children = (
				D674A1DD2A8E7A0C00649392 /* Helper */,
				D6CCAAAC2A8CB9D2007D96D0 /* AppDelegate.swift */,
				D6CCAAAE2A8CB9D2007D96D0 /* ViewController.swift */,
				D6CCAAB02A8CB9D4007D96D0 /* Assets.xcassets */,
				D6CCAAB22A8CB9D4007D96D0 /* Main.storyboard */,
				D6CCAAB52A8CB9D4007D96D0 /* PaintBrush.entitlements */,
				D6CCAAD72A8CBBC7007D96D0 /* DrawView.swift */,
			);
			path = PaintBrush;
			sourceTree = "<group>";
		};
		D6CCAABD2A8CB9D5007D96D0 /* PaintBrushTests */ = {
			isa = PBXGroup;
			children = (
				D6CCAABE2A8CB9D5007D96D0 /* PaintBrushTests.swift */,
			);
			path = PaintBrushTests;
			sourceTree = "<group>";
		};
		D6CCAAC72A8CB9D5007D96D0 /* PaintBrushUITests */ = {
			isa = PBXGroup;
			children = (
				D6CCAAC82A8CB9D5007D96D0 /* PaintBrushUITests.swift */,
				D6CCAACA2A8CB9D5007D96D0 /* PaintBrushUITestsLaunchTests.swift */,
			);
			path = PaintBrushUITests;
			sourceTree = "<group>";
		};
/* End PBXGroup section */

/* Begin PBXNativeTarget section */
		D6CCAAA82A8CB9D2007D96D0 /* PaintBrush */ = {
			isa = PBXNativeTarget;
			buildConfigurationList = D6CCAACE2A8CB9D5007D96D0 /* Build configuration list for PBXNativeTarget "PaintBrush" */;
			buildPhases = (
				D6CCAAA52A8CB9D2007D96D0 /* Sources */,
				D6CCAAA62A8CB9D2007D96D0 /* Frameworks */,
				D6CCAAA72A8CB9D2007D96D0 /* Resources */,
			);
			buildRules = (
			);
			dependencies = (
			);
			name = PaintBrush;
			productName = PaintBrush;
			productReference = D6CCAAA92A8CB9D2007D96D0 /* PaintBrush.app */;
			productType = "com.apple.product-type.application";
		};
		D6CCAAB92A8CB9D5007D96D0 /* PaintBrushTests */ = {
			isa = PBXNativeTarget;
			buildConfigurationList = D6CCAAD12A8CB9D5007D96D0 /* Build configuration list for PBXNativeTarget "PaintBrushTests" */;
			buildPhases = (
				D6CCAAB62A8CB9D5007D96D0 /* Sources */,
				D6CCAAB72A8CB9D5007D96D0 /* Frameworks */,
				D6CCAAB82A8CB9D5007D96D0 /* Resources */,
			);
			buildRules = (
			);
			dependencies = (
				D6CCAABC2A8CB9D5007D96D0 /* PBXTargetDependency */,
			);
			name = PaintBrushTests;
			productName = PaintBrushTests;
			productReference = D6CCAABA2A8CB9D5007D96D0 /* PaintBrushTests.xctest */;
			productType = "com.apple.product-type.bundle.unit-test";
		};
		D6CCAAC32A8CB9D5007D96D0 /* PaintBrushUITests */ = {
			isa = PBXNativeTarget;
			buildConfigurationList = D6CCAAD42A8CB9D5007D96D0 /* Build configuration list for PBXNativeTarget "PaintBrushUITests" */;
			buildPhases = (
				D6CCAAC02A8CB9D5007D96D0 /* Sources */,
				D6CCAAC12A8CB9D5007D96D0 /* Frameworks */,
				D6CCAAC22A8CB9D5007D96D0 /* Resources */,
			);
			buildRules = (
			);
			dependencies = (
				D6CCAAC62A8CB9D5007D96D0 /* PBXTargetDependency */,
			);
			name = PaintBrushUITests;
			productName = PaintBrushUITests;
			productReference = D6CCAAC42A8CB9D5007D96D0 /* PaintBrushUITests.xctest */;
			productType = "com.apple.product-type.bundle.ui-testing";
		};
/* End PBXNativeTarget section */

/* Begin PBXProject section */
		D6CCAAA12A8CB9D2007D96D0 /* Project object */ = {
			isa = PBXProject;
			attributes = {
				BuildIndependentTargetsInParallel = 1;
				LastSwiftUpdateCheck = 1320;
				LastUpgradeCheck = 1320;
				TargetAttributes = {
					D6CCAAA82A8CB9D2007D96D0 = {
						CreatedOnToolsVersion = 13.2.1;
					};
					D6CCAAB92A8CB9D5007D96D0 = {
						CreatedOnToolsVersion = 13.2.1;
						TestTargetID = D6CCAAA82A8CB9D2007D96D0;
					};
					D6CCAAC32A8CB9D5007D96D0 = {
						CreatedOnToolsVersion = 13.2.1;
						TestTargetID = D6CCAAA82A8CB9D2007D96D0;
					};
				};
			};
			buildConfigurationList = D6CCAAA42A8CB9D2007D96D0 /* Build configuration list for PBXProject "PaintBrush" */;
			compatibilityVersion = "Xcode 13.0";
			developmentRegion = en;
			hasScannedForEncodings = 0;
			knownRegions = (
				en,
				Base,
			);
			mainGroup = D6CCAAA02A8CB9D2007D96D0;
			productRefGroup = D6CCAAAA2A8CB9D2007D96D0 /* Products */;
			projectDirPath = "";
			projectRoot = "";
			targets = (
				D6CCAAA82A8CB9D2007D96D0 /* PaintBrush */,
				D6CCAAB92A8CB9D5007D96D0 /* PaintBrushTests */,
				D6CCAAC32A8CB9D5007D96D0 /* PaintBrushUITests */,
			);
		};
/* End PBXProject section */

/* Begin PBXResourcesBuildPhase section */
		D6CCAAA72A8CB9D2007D96D0 /* Resources */ = {
			isa = PBXResourcesBuildPhase;
			buildActionMask = 2147483647;
			files = (
				D6CCAAB12A8CB9D4007D96D0 /* Assets.xcassets in Resources */,
				D6CCAAB42A8CB9D4007D96D0 /* Main.storyboard in Resources */,
			);
			runOnlyForDeploymentPostprocessing = 0;
		};
		D6CCAAB82A8CB9D5007D96D0 /* Resources */ = {
			isa = PBXResourcesBuildPhase;
			buildActionMask = 2147483647;
			files = (
			);
			runOnlyForDeploymentPostprocessing = 0;
		};
		D6CCAAC22A8CB9D5007D96D0 /* Resources */ = {
			isa = PBXResourcesBuildPhase;
			buildActionMask = 2147483647;
			files = (
			);
			runOnlyForDeploymentPostprocessing = 0;
		};
/* End PBXResourcesBuildPhase section */

/* Begin PBXSourcesBuildPhase section */
		D6CCAAA52A8CB9D2007D96D0 /* Sources */ = {
			isa = PBXSourcesBuildPhase;
			buildActionMask = 2147483647;
			files = (
				D6CCAAAF2A8CB9D2007D96D0 /* ViewController.swift in Sources */,
				D6CCAAAD2A8CB9D2007D96D0 /* AppDelegate.swift in Sources */,
				D6CCAAD82A8CBBC7007D96D0 /* DrawView.swift in Sources */,
				D674A1DF2A8E7A1B00649392 /* Helper.swift in Sources */,
			);
			runOnlyForDeploymentPostprocessing = 0;
		};
		D6CCAAB62A8CB9D5007D96D0 /* Sources */ = {
			isa = PBXSourcesBuildPhase;
			buildActionMask = 2147483647;
			files = (
				D6CCAABF2A8CB9D5007D96D0 /* PaintBrushTests.swift in Sources */,
			);
			runOnlyForDeploymentPostprocessing = 0;
		};
		D6CCAAC02A8CB9D5007D96D0 /* Sources */ = {
			isa = PBXSourcesBuildPhase;
			buildActionMask = 2147483647;
			files = (
				D6CCAACB2A8CB9D5007D96D0 /* PaintBrushUITestsLaunchTests.swift in Sources */,
				D6CCAAC92A8CB9D5007D96D0 /* PaintBrushUITests.swift in Sources */,
			);
			runOnlyForDeploymentPostprocessing = 0;
		};
/* End PBXSourcesBuildPhase section */

/* Begin PBXTargetDependency section */
		D6CCAABC2A8CB9D5007D96D0 /* PBXTargetDependency */ = {
			isa = PBXTargetDependency;
			target = D6CCAAA82A8CB9D2007D96D0 /* PaintBrush */;
			targetProxy = D6CCAABB2A8CB9D5007D96D0 /* PBXContainerItemProxy */;
		};
		D6CCAAC62A8CB9D5007D96D0 /* PBXTargetDependency */ = {
			isa = PBXTargetDependency;
			target = D6CCAAA82A8CB9D2007D96D0 /* PaintBrush */;
			targetProxy = D6CCAAC52A8CB9D5007D96D0 /* PBXContainerItemProxy */;
		};
/* End PBXTargetDependency section */

/* Begin PBXVariantGroup section */
		D6CCAAB22A8CB9D4007D96D0 /* Main.storyboard */ = {
			isa = PBXVariantGroup;
			children = (
				D6CCAAB32A8CB9D4007D96D0 /* Base */,
			);
			name = Main.storyboard;
			sourceTree = "<group>";
		};
/* End PBXVariantGroup section */

/* Begin XCBuildConfiguration section */
		D6CCAACC2A8CB9D5007D96D0 /* Debug */ = {
			isa = XCBuildConfiguration;
			buildSettings = {
				ALWAYS_SEARCH_USER_PATHS = NO;
				CLANG_ANALYZER_NONNULL = YES;
				CLANG_ANALYZER_NUMBER_OBJECT_CONVERSION = YES_AGGRESSIVE;
				CLANG_CXX_LANGUAGE_STANDARD = "gnu++17";
				CLANG_CXX_LIBRARY = "libc++";
				CLANG_ENABLE_MODULES = YES;
				CLANG_ENABLE_OBJC_ARC = YES;
				CLANG_ENABLE_OBJC_WEAK = YES;
				CLANG_WARN_BLOCK_CAPTURE_AUTORELEASING = YES;
				CLANG_WARN_BOOL_CONVERSION = YES;
				CLANG_WARN_COMMA = YES;
				CLANG_WARN_CONSTANT_CONVERSION = YES;
				CLANG_WARN_DEPRECATED_OBJC_IMPLEMENTATIONS = YES;
				CLANG_WARN_DIRECT_OBJC_ISA_USAGE = YES_ERROR;
				CLANG_WARN_DOCUMENTATION_COMMENTS = YES;
				CLANG_WARN_EMPTY_BODY = YES;
				CLANG_WARN_ENUM_CONVERSION = YES;
				CLANG_WARN_INFINITE_RECURSION = YES;
				CLANG_WARN_INT_CONVERSION = YES;
				CLANG_WARN_NON_LITERAL_NULL_CONVERSION = YES;
				CLANG_WARN_OBJC_IMPLICIT_RETAIN_SELF = YES;
				CLANG_WARN_OBJC_LITERAL_CONVERSION = YES;
				CLANG_WARN_OBJC_ROOT_CLASS = YES_ERROR;
				CLANG_WARN_QUOTED_INCLUDE_IN_FRAMEWORK_HEADER = YES;
				CLANG_WARN_RANGE_LOOP_ANALYSIS = YES;
				CLANG_WARN_STRICT_PROTOTYPES = YES;
				CLANG_WARN_SUSPICIOUS_MOVE = YES;
				CLANG_WARN_UNGUARDED_AVAILABILITY = YES_AGGRESSIVE;
				CLANG_WARN_UNREACHABLE_CODE = YES;
				CLANG_WARN__DUPLICATE_METHOD_MATCH = YES;
				COPY_PHASE_STRIP = NO;
				DEBUG_INFORMATION_FORMAT = dwarf;
				ENABLE_STRICT_OBJC_MSGSEND = YES;
				ENABLE_TESTABILITY = YES;
				GCC_C_LANGUAGE_STANDARD = gnu11;
				GCC_DYNAMIC_NO_PIC = NO;
				GCC_NO_COMMON_BLOCKS = YES;
				GCC_OPTIMIZATION_LEVEL = 0;
				GCC_PREPROCESSOR_DEFINITIONS = (
					"DEBUG=1",
					"$(inherited)",
				);
				GCC_WARN_64_TO_32_BIT_CONVERSION = YES;
				GCC_WARN_ABOUT_RETURN_TYPE = YES_ERROR;
				GCC_WARN_UNDECLARED_SELECTOR = YES;
				GCC_WARN_UNINITIALIZED_AUTOS = YES_AGGRESSIVE;
				GCC_WARN_UNUSED_FUNCTION = YES;
				GCC_WARN_UNUSED_VARIABLE = YES;
				MACOSX_DEPLOYMENT_TARGET = 11.5;
				MTL_ENABLE_DEBUG_INFO = INCLUDE_SOURCE;
				MTL_FAST_MATH = YES;
				ONLY_ACTIVE_ARCH = YES;
				SDKROOT = macosx;
				SWIFT_ACTIVE_COMPILATION_CONDITIONS = DEBUG;
				SWIFT_OPTIMIZATION_LEVEL = "-Onone";
			};
			name = Debug;
		};
		D6CCAACD2A8CB9D5007D96D0 /* Release */ = {
			isa = XCBuildConfiguration;
			buildSettings = {
				ALWAYS_SEARCH_USER_PATHS = NO;
				CLANG_ANALYZER_NONNULL = YES;
				CLANG_ANALYZER_NUMBER_OBJECT_CONVERSION = YES_AGGRESSIVE;
				CLANG_CXX_LANGUAGE_STANDARD = "gnu++17";
				CLANG_CXX_LIBRARY = "libc++";
				CLANG_ENABLE_MODULES = YES;
				CLANG_ENABLE_OBJC_ARC = YES;
				CLANG_ENABLE_OBJC_WEAK = YES;
				CLANG_WARN_BLOCK_CAPTURE_AUTORELEASING = YES;
				CLANG_WARN_BOOL_CONVERSION = YES;
				CLANG_WARN_COMMA = YES;
				CLANG_WARN_CONSTANT_CONVERSION = YES;
				CLANG_WARN_DEPRECATED_OBJC_IMPLEMENTATIONS = YES;
				CLANG_WARN_DIRECT_OBJC_ISA_USAGE = YES_ERROR;
				CLANG_WARN_DOCUMENTATION_COMMENTS = YES;
				CLANG_WARN_EMPTY_BODY = YES;
				CLANG_WARN_ENUM_CONVERSION = YES;
				CLANG_WARN_INFINITE_RECURSION = YES;
				CLANG_WARN_INT_CONVERSION = YES;
				CLANG_WARN_NON_LITERAL_NULL_CONVERSION = YES;
				CLANG_WARN_OBJC_IMPLICIT_RETAIN_SELF = YES;
				CLANG_WARN_OBJC_LITERAL_CONVERSION = YES;
				CLANG_WARN_OBJC_ROOT_CLASS = YES_ERROR;
				CLANG_WARN_QUOTED_INCLUDE_IN_FRAMEWORK_HEADER = YES;
				CLANG_WARN_RANGE_LOOP_ANALYSIS = YES;
				CLANG_WARN_STRICT_PROTOTYPES = YES;
				CLANG_WARN_SUSPICIOUS_MOVE = YES;
				CLANG_WARN_UNGUARDED_AVAILABILITY = YES_AGGRESSIVE;
				CLANG_WARN_UNREACHABLE_CODE = YES;
				CLANG_WARN__DUPLICATE_METHOD_MATCH = YES;
				COPY_PHASE_STRIP = NO;
				DEBUG_INFORMATION_FORMAT = "dwarf-with-dsym";
				ENABLE_NS_ASSERTIONS = NO;
				ENABLE_STRICT_OBJC_MSGSEND = YES;
				GCC_C_LANGUAGE_STANDARD = gnu11;
				GCC_NO_COMMON_BLOCKS = YES;
				GCC_WARN_64_TO_32_BIT_CONVERSION = YES;
				GCC_WARN_ABOUT_RETURN_TYPE = YES_ERROR;
				GCC_WARN_UNDECLARED_SELECTOR = YES;
				GCC_WARN_UNINITIALIZED_AUTOS = YES_AGGRESSIVE;
				GCC_WARN_UNUSED_FUNCTION = YES;
				GCC_WARN_UNUSED_VARIABLE = YES;
				MACOSX_DEPLOYMENT_TARGET = 11.5;
				MTL_ENABLE_DEBUG_INFO = NO;
				MTL_FAST_MATH = YES;
				SDKROOT = macosx;
				SWIFT_COMPILATION_MODE = wholemodule;
				SWIFT_OPTIMIZATION_LEVEL = "-O";
			};
			name = Release;
		};
		D6CCAACF2A8CB9D5007D96D0 /* Debug */ = {
			isa = XCBuildConfiguration;
			buildSettings = {
				ASSETCATALOG_COMPILER_APPICON_NAME = AppIcon;
				ASSETCATALOG_COMPILER_GLOBAL_ACCENT_COLOR_NAME = AccentColor;
				CODE_SIGN_ENTITLEMENTS = PaintBrush/PaintBrush.entitlements;
				CODE_SIGN_STYLE = Automatic;
				COMBINE_HIDPI_IMAGES = YES;
				CURRENT_PROJECT_VERSION = 1;
				DEVELOPMENT_TEAM = "";
				ENABLE_HARDENED_RUNTIME = YES;
				GENERATE_INFOPLIST_FILE = YES;
				INFOPLIST_KEY_NSHumanReadableCopyright = "";
				INFOPLIST_KEY_NSMainStoryboardFile = Main;
				INFOPLIST_KEY_NSPrincipalClass = NSApplication;
				LD_RUNPATH_SEARCH_PATHS = (
					"$(inherited)",
					"@executable_path/../Frameworks",
				);
				MARKETING_VERSION = 1.0;
				PRODUCT_BUNDLE_IDENTIFIER = com.ios.PaintBrush;
				PRODUCT_NAME = "$(TARGET_NAME)";
				SWIFT_EMIT_LOC_STRINGS = YES;
				SWIFT_VERSION = 5.0;
			};
			name = Debug;
		};
		D6CCAAD02A8CB9D5007D96D0 /* Release */ = {
			isa = XCBuildConfiguration;
			buildSettings = {
				ASSETCATALOG_COMPILER_APPICON_NAME = AppIcon;
				ASSETCATALOG_COMPILER_GLOBAL_ACCENT_COLOR_NAME = AccentColor;
				CODE_SIGN_ENTITLEMENTS = PaintBrush/PaintBrush.entitlements;
				CODE_SIGN_STYLE = Automatic;
				COMBINE_HIDPI_IMAGES = YES;
				CURRENT_PROJECT_VERSION = 1;
				DEVELOPMENT_TEAM = "";
				ENABLE_HARDENED_RUNTIME = YES;
				GENERATE_INFOPLIST_FILE = YES;
				INFOPLIST_KEY_NSHumanReadableCopyright = "";
				INFOPLIST_KEY_NSMainStoryboardFile = Main;
				INFOPLIST_KEY_NSPrincipalClass = NSApplication;
				LD_RUNPATH_SEARCH_PATHS = (
					"$(inherited)",
					"@executable_path/../Frameworks",
				);
				MARKETING_VERSION = 1.0;
				PRODUCT_BUNDLE_IDENTIFIER = com.ios.PaintBrush;
				PRODUCT_NAME = "$(TARGET_NAME)";
				SWIFT_EMIT_LOC_STRINGS = YES;
				SWIFT_VERSION = 5.0;
			};
			name = Release;
		};
		D6CCAAD22A8CB9D5007D96D0 /* Debug */ = {
			isa = XCBuildConfiguration;
			buildSettings = {
				ALWAYS_EMBED_SWIFT_STANDARD_LIBRARIES = YES;
				BUNDLE_LOADER = "$(TEST_HOST)";
				CODE_SIGN_STYLE = Automatic;
				CURRENT_PROJECT_VERSION = 1;
				DEVELOPMENT_TEAM = K6LJCT8RAA;
				GENERATE_INFOPLIST_FILE = YES;
				MACOSX_DEPLOYMENT_TARGET = 11.5;
				MARKETING_VERSION = 1.0;
				PRODUCT_BUNDLE_IDENTIFIER = com.ios.PaintBrushTests;
				PRODUCT_NAME = "$(TARGET_NAME)";
				SWIFT_EMIT_LOC_STRINGS = NO;
				SWIFT_VERSION = 5.0;
				TEST_HOST = "$(BUILT_PRODUCTS_DIR)/PaintBrush.app/Contents/MacOS/PaintBrush";
			};
			name = Debug;
		};
		D6CCAAD32A8CB9D5007D96D0 /* Release */ = {
			isa = XCBuildConfiguration;
			buildSettings = {
				ALWAYS_EMBED_SWIFT_STANDARD_LIBRARIES = YES;
				BUNDLE_LOADER = "$(TEST_HOST)";
				CODE_SIGN_STYLE = Automatic;
				CURRENT_PROJECT_VERSION = 1;
				DEVELOPMENT_TEAM = K6LJCT8RAA;
				GENERATE_INFOPLIST_FILE = YES;
				MACOSX_DEPLOYMENT_TARGET = 11.5;
				MARKETING_VERSION = 1.0;
				PRODUCT_BUNDLE_IDENTIFIER = com.ios.PaintBrushTests;
				PRODUCT_NAME = "$(TARGET_NAME)";
				SWIFT_EMIT_LOC_STRINGS = NO;
				SWIFT_VERSION = 5.0;
				TEST_HOST = "$(BUILT_PRODUCTS_DIR)/PaintBrush.app/Contents/MacOS/PaintBrush";
			};
			name = Release;
		};
		D6CCAAD52A8CB9D5007D96D0 /* Debug */ = {
			isa = XCBuildConfiguration;
			buildSettings = {
				ALWAYS_EMBED_SWIFT_STANDARD_LIBRARIES = YES;
				CODE_SIGN_STYLE = Automatic;
				CURRENT_PROJECT_VERSION = 1;
				DEVELOPMENT_TEAM = K6LJCT8RAA;
				GENERATE_INFOPLIST_FILE = YES;
				MARKETING_VERSION = 1.0;
				PRODUCT_BUNDLE_IDENTIFIER = com.ios.PaintBrushUITests;
				PRODUCT_NAME = "$(TARGET_NAME)";
				SWIFT_EMIT_LOC_STRINGS = NO;
				SWIFT_VERSION = 5.0;
				TEST_TARGET_NAME = PaintBrush;
			};
			name = Debug;
		};
		D6CCAAD62A8CB9D5007D96D0 /* Release */ = {
			isa = XCBuildConfiguration;
			buildSettings = {
				ALWAYS_EMBED_SWIFT_STANDARD_LIBRARIES = YES;
				CODE_SIGN_STYLE = Automatic;
				CURRENT_PROJECT_VERSION = 1;
				DEVELOPMENT_TEAM = K6LJCT8RAA;
				GENERATE_INFOPLIST_FILE = YES;
				MARKETING_VERSION = 1.0;
				PRODUCT_BUNDLE_IDENTIFIER = com.ios.PaintBrushUITests;
				PRODUCT_NAME = "$(TARGET_NAME)";
				SWIFT_EMIT_LOC_STRINGS = NO;
				SWIFT_VERSION = 5.0;
				TEST_TARGET_NAME = PaintBrush;
			};
			name = Release;
		};
/* End XCBuildConfiguration section */

/* Begin XCConfigurationList section */
		D6CCAAA42A8CB9D2007D96D0 /* Build configuration list for PBXProject "PaintBrush" */ = {
			isa = XCConfigurationList;
			buildConfigurations = (
				D6CCAACC2A8CB9D5007D96D0 /* Debug */,
				D6CCAACD2A8CB9D5007D96D0 /* Release */,
			);
			defaultConfigurationIsVisible = 0;
			defaultConfigurationName = Release;
		};
		D6CCAACE2A8CB9D5007D96D0 /* Build configuration list for PBXNativeTarget "PaintBrush" */ = {
			isa = XCConfigurationList;
			buildConfigurations = (
				D6CCAACF2A8CB9D5007D96D0 /* Debug */,
				D6CCAAD02A8CB9D5007D96D0 /* Release */,
			);
			defaultConfigurationIsVisible = 0;
			defaultConfigurationName = Release;
		};
		D6CCAAD12A8CB9D5007D96D0 /* Build configuration list for PBXNativeTarget "PaintBrushTests" */ = {
			isa = XCConfigurationList;
			buildConfigurations = (
				D6CCAAD22A8CB9D5007D96D0 /* Debug */,
				D6CCAAD32A8CB9D5007D96D0 /* Release */,
			);
			defaultConfigurationIsVisible = 0;
			defaultConfigurationName = Release;
		};
		D6CCAAD42A8CB9D5007D96D0 /* Build configuration list for PBXNativeTarget "PaintBrushUITests" */ = {
			isa = XCConfigurationList;
			buildConfigurations = (
				D6CCAAD52A8CB9D5007D96D0 /* Debug */,
				D6CCAAD62A8CB9D5007D96D0 /* Release */,
			);
			defaultConfigurationIsVisible = 0;
			defaultConfigurationName = Release;
		};
/* End XCConfigurationList section */
	};
	rootObject = D6CCAAA12A8CB9D2007D96D0 /* Project object */;
}
